// !$*UTF8*$!
{
	archiveVersion = 1;
	classes = {
	};
	objectVersion = 46;
	objects = {

/* Begin PBXBuildFile section */
		1A014140174EB895005D6FAD /* Play_Icon.png in Resources */ = {isa = PBXBuildFile; fileRef = 1A01413F174EB895005D6FAD /* Play_Icon.png */; };
		1A3542881746BCC100DF41AF /* MediaPlayer.framework in Frameworks */ = {isa = PBXBuildFile; fileRef = 1A3542871746BCC100DF41AF /* MediaPlayer.framework */; };
		1A3542911746C48900DF41AF /* MovieViewController.m in Sources */ = {isa = PBXBuildFile; fileRef = 1A3542901746C48900DF41AF /* MovieViewController.m */; };
		1A3683301767A04300DC36F3 /* wallpaper-630620.jpg in Resources */ = {isa = PBXBuildFile; fileRef = 1A36832F1767A04300DC36F3 /* wallpaper-630620.jpg */; };
		1A3CB245174420DF000B6499 /* b1d5cd_2425592.jpg in Resources */ = {isa = PBXBuildFile; fileRef = 1A3CB242174420DF000B6499 /* b1d5cd_2425592.jpg */; };
		1A3CB247174420DF000B6499 /* wallpaper-1231836.jpg in Resources */ = {isa = PBXBuildFile; fileRef = 1A3CB244174420DF000B6499 /* wallpaper-1231836.jpg */; };
		1A3CB25017443AE0000B6499 /* glossy_button_blank_black_rectangle.png in Resources */ = {isa = PBXBuildFile; fileRef = 1A3CB24F17443AE0000B6499 /* glossy_button_blank_black_rectangle.png */; };
		1A4A11031755200300B5A253 /* MainStoryboard.storyboard in Resources */ = {isa = PBXBuildFile; fileRef = 1A4A11011755200300B5A253 /* MainStoryboard.storyboard */; };
		1A52E78D1746AC3800626D92 /* mov1.mov in Resources */ = {isa = PBXBuildFile; fileRef = 1A52E78C1746AC3800626D92 /* mov1.mov */; };
		1A8352E21742E27B000CA4D4 /* Icon-72@2x.png in Resources */ = {isa = PBXBuildFile; fileRef = 1A8352E11742E27B000CA4D4 /* Icon-72@2x.png */; };
		1A8352E41742E27E000CA4D4 /* Icon-72.png in Resources */ = {isa = PBXBuildFile; fileRef = 1A8352E31742E27E000CA4D4 /* Icon-72.png */; };
		1A87B451174469D9000D927D /* 1.png in Resources */ = {isa = PBXBuildFile; fileRef = 1A87B450174469D9000D927D /* 1.png */; };
		1AB1B51C175D07A800F849DA /* QuizViewController.m in Sources */ = {isa = PBXBuildFile; fileRef = 1AB1B51B175D07A800F849DA /* QuizViewController.m */; };
		1AB1B51F175D07E200F849DA /* QuizCell.m in Sources */ = {isa = PBXBuildFile; fileRef = 1AB1B51E175D07E200F849DA /* QuizCell.m */; };
		1AD4E5BE17568C780028E418 /* AdvancedCell.m in Sources */ = {isa = PBXBuildFile; fileRef = 1AD4E5BB17568C780028E418 /* AdvancedCell.m */; };
		1AD4E5BF17568C780028E418 /* AdvancedCollectionViewViewController.m in Sources */ = {isa = PBXBuildFile; fileRef = 1AD4E5BD17568C780028E418 /* AdvancedCollectionViewViewController.m */; };
		1AD55B81174EC5CE0003071F /* arrowLeft.png in Resources */ = {isa = PBXBuildFile; fileRef = 1AD55B7F174EC5CE0003071F /* arrowLeft.png */; };
		1AD55B82174EC5CE0003071F /* arrowRight.png in Resources */ = {isa = PBXBuildFile; fileRef = 1AD55B80174EC5CE0003071F /* arrowRight.png */; };
		1AFEAF57174D6ACF00016663 /* background1.tif in Resources */ = {isa = PBXBuildFile; fileRef = 1AFEAF55174D6ACF00016663 /* background1.tif */; };
		1AFEAF58174D6ACF00016663 /* background2.tif in Resources */ = {isa = PBXBuildFile; fileRef = 1AFEAF56174D6ACF00016663 /* background2.tif */; };
		1AFF583917456BF9000BCCCD /* MainMenuViewController.m in Sources */ = {isa = PBXBuildFile; fileRef = 1AFF583817456BF9000BCCCD /* MainMenuViewController.m */; };
		1AFF583C17456D43000BCCCD /* MainMenuCell.m in Sources */ = {isa = PBXBuildFile; fileRef = 1AFF583B17456D43000BCCCD /* MainMenuCell.m */; };
		C804D90317738B6600A7F07E /* QuizCollectionView.m in Sources */ = {isa = PBXBuildFile; fileRef = C804D90217738B6600A7F07E /* QuizCollectionView.m */; };
		C81044FD17679B4F00DFC1DE /* Default-Portrait@2x~ipad.png in Resources */ = {isa = PBXBuildFile; fileRef = C81044FC17679B4F00DFC1DE /* Default-Portrait@2x~ipad.png */; };
		C81044FF17679B5900DFC1DE /* Default-Portrait~ipad.png in Resources */ = {isa = PBXBuildFile; fileRef = C81044FE17679B5900DFC1DE /* Default-Portrait~ipad.png */; };
		C810450117679BB000DFC1DE /* Default-Landscape~ipad.png in Resources */ = {isa = PBXBuildFile; fileRef = C810450017679BB000DFC1DE /* Default-Landscape~ipad.png */; };
		C810450317679BB400DFC1DE /* Default-Landscape@2x~ipad.png in Resources */ = {isa = PBXBuildFile; fileRef = C810450217679BB400DFC1DE /* Default-Landscape@2x~ipad.png */; };
		C810A9711771FF6C0017C483 /* GraphViewController.m in Sources */ = {isa = PBXBuildFile; fileRef = C810A9701771FF6C0017C483 /* GraphViewController.m */; };
		C86D12B7177AA86B00E671D0 /* BarGraph2ViewController.m in Sources */ = {isa = PBXBuildFile; fileRef = C86D12B6177AA86B00E671D0 /* BarGraph2ViewController.m */; };
		C87FF042176A7834007809E6 /* libCorePlot-CocoaTouch.a in Frameworks */ = {isa = PBXBuildFile; fileRef = C87FF041176A7834007809E6 /* libCorePlot-CocoaTouch.a */; };
		C87FF044176A7864007809E6 /* QuartzCore.framework in Frameworks */ = {isa = PBXBuildFile; fileRef = C87FF043176A7864007809E6 /* QuartzCore.framework */; };
		C87FF046176A7906007809E6 /* bg-01.png in Resources */ = {isa = PBXBuildFile; fileRef = C87FF045176A7906007809E6 /* bg-01.png */; };
		C8A6AD2A1768D1A2002E1EBF /* EvaluationFooter.m in Sources */ = {isa = PBXBuildFile; fileRef = C8A6AD291768D1A2002E1EBF /* EvaluationFooter.m */; };
		C8F672D0177A353000B68AC0 /* BarGraphViewController.m in Sources */ = {isa = PBXBuildFile; fileRef = C8F672CF177A353000B68AC0 /* BarGraphViewController.m */; };
		D611B81017CD42CD0035926A /* OverviewViewController.m in Sources */ = {isa = PBXBuildFile; fileRef = D611B80F17CD42CC0035926A /* OverviewViewController.m */; };
		D62B3A7A17419038006BFAE8 /* UIKit.framework in Frameworks */ = {isa = PBXBuildFile; fileRef = D62B3A7917419038006BFAE8 /* UIKit.framework */; };
		D62B3A7C17419038006BFAE8 /* Foundation.framework in Frameworks */ = {isa = PBXBuildFile; fileRef = D62B3A7B17419038006BFAE8 /* Foundation.framework */; };
		D62B3A7E17419038006BFAE8 /* CoreGraphics.framework in Frameworks */ = {isa = PBXBuildFile; fileRef = D62B3A7D17419038006BFAE8 /* CoreGraphics.framework */; };
		D62B3A8417419038006BFAE8 /* InfoPlist.strings in Resources */ = {isa = PBXBuildFile; fileRef = D62B3A8217419038006BFAE8 /* InfoPlist.strings */; };
		D62B3A8617419038006BFAE8 /* main.m in Sources */ = {isa = PBXBuildFile; fileRef = D62B3A8517419038006BFAE8 /* main.m */; };
		D62B3A8A17419038006BFAE8 /* UTLAppDelegate.m in Sources */ = {isa = PBXBuildFile; fileRef = D62B3A8917419038006BFAE8 /* UTLAppDelegate.m */; };
		D62B3A8C17419038006BFAE8 /* Default.png in Resources */ = {isa = PBXBuildFile; fileRef = D62B3A8B17419038006BFAE8 /* Default.png */; };
		D62B3A9017419038006BFAE8 /* Default-568h@2x.png in Resources */ = {isa = PBXBuildFile; fileRef = D62B3A8F17419038006BFAE8 /* Default-568h@2x.png */; };
		D62B3A9617419038006BFAE8 /* UTLViewController.m in Sources */ = {isa = PBXBuildFile; fileRef = D62B3A9517419038006BFAE8 /* UTLViewController.m */; };
		D632A16A17A83DF3009AECA8 /* LineGraph.m in Sources */ = {isa = PBXBuildFile; fileRef = D632A16917A83DF3009AECA8 /* LineGraph.m */; };
		D66FFA45175FB6EE004C9AA4 /* EvaluationViewController.m in Sources */ = {isa = PBXBuildFile; fileRef = D66FFA44175FB6EE004C9AA4 /* EvaluationViewController.m */; };
		D66FFA48175FB765004C9AA4 /* EvaluationCell.m in Sources */ = {isa = PBXBuildFile; fileRef = D66FFA47175FB765004C9AA4 /* EvaluationCell.m */; };
		D67C1497174D2F0500237C69 /* CustomCell.m in Sources */ = {isa = PBXBuildFile; fileRef = D67C1496174D2F0500237C69 /* CustomCell.m */; };
		D67C149A174D30AC00237C69 /* CollectionViewViewController.m in Sources */ = {isa = PBXBuildFile; fileRef = D67C1499174D30AC00237C69 /* CollectionViewViewController.m */; };
		D67CEEE717468CAD0036B49F /* PhotoViewerViewController.m in Sources */ = {isa = PBXBuildFile; fileRef = D67CEEE617468CAD0036B49F /* PhotoViewerViewController.m */; };
		D67EF14B17A6EB8000993A53 /* DrawingViewController.m in Sources */ = {isa = PBXBuildFile; fileRef = D67EF14A17A6EB8000993A53 /* DrawingViewController.m */; };
		D67EF14E17A6EFA700993A53 /* DrawRectView.m in Sources */ = {isa = PBXBuildFile; fileRef = D67EF14D17A6EFA700993A53 /* DrawRectView.m */; };
		D67EF15117A704BD00993A53 /* CustomGraphsViewController.m in Sources */ = {isa = PBXBuildFile; fileRef = D67EF15017A704BD00993A53 /* CustomGraphsViewController.m */; };
		D680812217553F7100366BAC /* 1.tif in Resources */ = {isa = PBXBuildFile; fileRef = D680811317553F7100366BAC /* 1.tif */; };
		D680812317553F7100366BAC /* 2.tif in Resources */ = {isa = PBXBuildFile; fileRef = D680811417553F7100366BAC /* 2.tif */; };
		D680812417553F7100366BAC /* 3.tif in Resources */ = {isa = PBXBuildFile; fileRef = D680811517553F7100366BAC /* 3.tif */; };
		D680812517553F7100366BAC /* 4.tif in Resources */ = {isa = PBXBuildFile; fileRef = D680811617553F7100366BAC /* 4.tif */; };
		D680812617553F7100366BAC /* 5.tif in Resources */ = {isa = PBXBuildFile; fileRef = D680811717553F7100366BAC /* 5.tif */; };
		D680812717553F7100366BAC /* 6.tif in Resources */ = {isa = PBXBuildFile; fileRef = D680811817553F7100366BAC /* 6.tif */; };
		D680812817553F7100366BAC /* 7.tif in Resources */ = {isa = PBXBuildFile; fileRef = D680811917553F7100366BAC /* 7.tif */; };
		D680812917553F7100366BAC /* 8.tif in Resources */ = {isa = PBXBuildFile; fileRef = D680811A17553F7100366BAC /* 8.tif */; };
		D680812A17553F7100366BAC /* 9.tif in Resources */ = {isa = PBXBuildFile; fileRef = D680811B17553F7100366BAC /* 9.tif */; };
		D680812B17553F7100366BAC /* 10.tif in Resources */ = {isa = PBXBuildFile; fileRef = D680811C17553F7100366BAC /* 10.tif */; };
		D680812C17553F7100366BAC /* 11.tif in Resources */ = {isa = PBXBuildFile; fileRef = D680811D17553F7100366BAC /* 11.tif */; };
		D680812D17553F7100366BAC /* 12.tif in Resources */ = {isa = PBXBuildFile; fileRef = D680811E17553F7100366BAC /* 12.tif */; };
		D680812E17553F7100366BAC /* 13.tif in Resources */ = {isa = PBXBuildFile; fileRef = D680811F17553F7100366BAC /* 13.tif */; };
		D680812F17553F7100366BAC /* 14.tif in Resources */ = {isa = PBXBuildFile; fileRef = D680812017553F7100366BAC /* 14.tif */; };
		D680813017553F7100366BAC /* 15.tif in Resources */ = {isa = PBXBuildFile; fileRef = D680812117553F7100366BAC /* 15.tif */; };
		D6AEDA9D17BEBA990096B389 /* TimeLineViewController.m in Sources */ = {isa = PBXBuildFile; fileRef = D6AEDA9C17BEBA990096B389 /* TimeLineViewController.m */; };
		D6AEDAA017BEBAD60096B389 /* TimeLinveCell.m in Sources */ = {isa = PBXBuildFile; fileRef = D6AEDA9F17BEBAD60096B389 /* TimeLinveCell.m */; };
		D6AEDAA317BF117C0096B389 /* ShowTextButton.m in Sources */ = {isa = PBXBuildFile; fileRef = D6AEDAA217BF117C0096B389 /* ShowTextButton.m */; };
		D6F2A5121774E0B700B9D8B0 /* TestResult.m in Sources */ = {isa = PBXBuildFile; fileRef = D6F2A5111774E0B700B9D8B0 /* TestResult.m */; };
/* End PBXBuildFile section */

/* Begin PBXFileReference section */
		1A01413F174EB895005D6FAD /* Play_Icon.png */ = {isa = PBXFileReference; lastKnownFileType = image.png; path = Play_Icon.png; sourceTree = "<group>"; };
		1A3542871746BCC100DF41AF /* MediaPlayer.framework */ = {isa = PBXFileReference; lastKnownFileType = wrapper.framework; name = MediaPlayer.framework; path = System/Library/Frameworks/MediaPlayer.framework; sourceTree = SDKROOT; };
		1A35428F1746C48900DF41AF /* MovieViewController.h */ = {isa = PBXFileReference; fileEncoding = 4; lastKnownFileType = sourcecode.c.h; path = MovieViewController.h; sourceTree = "<group>"; };
		1A3542901746C48900DF41AF /* MovieViewController.m */ = {isa = PBXFileReference; fileEncoding = 4; lastKnownFileType = sourcecode.c.objc; path = MovieViewController.m; sourceTree = "<group>"; };
		1A36832F1767A04300DC36F3 /* wallpaper-630620.jpg */ = {isa = PBXFileReference; lastKnownFileType = image.jpeg; path = "wallpaper-630620.jpg"; sourceTree = "<group>"; };
		1A3CB242174420DF000B6499 /* b1d5cd_2425592.jpg */ = {isa = PBXFileReference; lastKnownFileType = image.jpeg; path = b1d5cd_2425592.jpg; sourceTree = "<group>"; };
		1A3CB244174420DF000B6499 /* wallpaper-1231836.jpg */ = {isa = PBXFileReference; lastKnownFileType = image.jpeg; path = "wallpaper-1231836.jpg"; sourceTree = "<group>"; };
		1A3CB24F17443AE0000B6499 /* glossy_button_blank_black_rectangle.png */ = {isa = PBXFileReference; lastKnownFileType = image.png; path = glossy_button_blank_black_rectangle.png; sourceTree = "<group>"; };
		1A4A11021755200300B5A253 /* en */ = {isa = PBXFileReference; lastKnownFileType = file.storyboard; name = en; path = en.lproj/MainStoryboard.storyboard; sourceTree = "<group>"; };
		1A52E78C1746AC3800626D92 /* mov1.mov */ = {isa = PBXFileReference; lastKnownFileType = video.quicktime; path = mov1.mov; sourceTree = "<group>"; };
		1A8352E11742E27B000CA4D4 /* Icon-72@2x.png */ = {isa = PBXFileReference; lastKnownFileType = image.png; path = "Icon-72@2x.png"; sourceTree = "<group>"; };
		1A8352E31742E27E000CA4D4 /* Icon-72.png */ = {isa = PBXFileReference; lastKnownFileType = image.png; path = "Icon-72.png"; sourceTree = "<group>"; };
		1A87B450174469D9000D927D /* 1.png */ = {isa = PBXFileReference; lastKnownFileType = image.png; path = 1.png; sourceTree = "<group>"; };
		1AB1B51A175D07A800F849DA /* QuizViewController.h */ = {isa = PBXFileReference; fileEncoding = 4; lastKnownFileType = sourcecode.c.h; path = QuizViewController.h; sourceTree = "<group>"; };
		1AB1B51B175D07A800F849DA /* QuizViewController.m */ = {isa = PBXFileReference; fileEncoding = 4; lastKnownFileType = sourcecode.c.objc; path = QuizViewController.m; sourceTree = "<group>"; };
		1AB1B51D175D07E200F849DA /* QuizCell.h */ = {isa = PBXFileReference; fileEncoding = 4; lastKnownFileType = sourcecode.c.h; path = QuizCell.h; sourceTree = "<group>"; };
		1AB1B51E175D07E200F849DA /* QuizCell.m */ = {isa = PBXFileReference; fileEncoding = 4; lastKnownFileType = sourcecode.c.objc; path = QuizCell.m; sourceTree = "<group>"; };
		1AD4E5BA17568C780028E418 /* AdvancedCell.h */ = {isa = PBXFileReference; fileEncoding = 4; lastKnownFileType = sourcecode.c.h; path = AdvancedCell.h; sourceTree = "<group>"; };
		1AD4E5BB17568C780028E418 /* AdvancedCell.m */ = {isa = PBXFileReference; fileEncoding = 4; lastKnownFileType = sourcecode.c.objc; path = AdvancedCell.m; sourceTree = "<group>"; };
		1AD4E5BC17568C780028E418 /* AdvancedCollectionViewViewController.h */ = {isa = PBXFileReference; fileEncoding = 4; lastKnownFileType = sourcecode.c.h; path = AdvancedCollectionViewViewController.h; sourceTree = "<group>"; };
		1AD4E5BD17568C780028E418 /* AdvancedCollectionViewViewController.m */ = {isa = PBXFileReference; fileEncoding = 4; lastKnownFileType = sourcecode.c.objc; path = AdvancedCollectionViewViewController.m; sourceTree = "<group>"; };
		1AD55B7F174EC5CE0003071F /* arrowLeft.png */ = {isa = PBXFileReference; lastKnownFileType = image.png; path = arrowLeft.png; sourceTree = "<group>"; };
		1AD55B80174EC5CE0003071F /* arrowRight.png */ = {isa = PBXFileReference; lastKnownFileType = image.png; path = arrowRight.png; sourceTree = "<group>"; };
		1ADBD82E1746CADC005F1CD9 /* mov2.m4v */ = {isa = PBXFileReference; lastKnownFileType = file; path = mov2.m4v; sourceTree = "<group>"; };
		1AFEAF55174D6ACF00016663 /* background1.tif */ = {isa = PBXFileReference; lastKnownFileType = image.tiff; path = background1.tif; sourceTree = "<group>"; };
		1AFEAF56174D6ACF00016663 /* background2.tif */ = {isa = PBXFileReference; lastKnownFileType = image.tiff; path = background2.tif; sourceTree = "<group>"; };
		1AFF583717456BF9000BCCCD /* MainMenuViewController.h */ = {isa = PBXFileReference; fileEncoding = 4; lastKnownFileType = sourcecode.c.h; path = MainMenuViewController.h; sourceTree = "<group>"; };
		1AFF583817456BF9000BCCCD /* MainMenuViewController.m */ = {isa = PBXFileReference; fileEncoding = 4; lastKnownFileType = sourcecode.c.objc; path = MainMenuViewController.m; sourceTree = "<group>"; };
		1AFF583A17456D43000BCCCD /* MainMenuCell.h */ = {isa = PBXFileReference; fileEncoding = 4; lastKnownFileType = sourcecode.c.h; path = MainMenuCell.h; sourceTree = "<group>"; };
		1AFF583B17456D43000BCCCD /* MainMenuCell.m */ = {isa = PBXFileReference; fileEncoding = 4; lastKnownFileType = sourcecode.c.objc; path = MainMenuCell.m; sourceTree = "<group>"; };
		C804D90117738B6600A7F07E /* QuizCollectionView.h */ = {isa = PBXFileReference; fileEncoding = 4; lastKnownFileType = sourcecode.c.h; path = QuizCollectionView.h; sourceTree = "<group>"; };
		C804D90217738B6600A7F07E /* QuizCollectionView.m */ = {isa = PBXFileReference; fileEncoding = 4; lastKnownFileType = sourcecode.c.objc; path = QuizCollectionView.m; sourceTree = "<group>"; };
		C81044FC17679B4F00DFC1DE /* Default-Portrait@2x~ipad.png */ = {isa = PBXFileReference; lastKnownFileType = image.png; path = "Default-Portrait@2x~ipad.png"; sourceTree = "<group>"; };
		C81044FE17679B5900DFC1DE /* Default-Portrait~ipad.png */ = {isa = PBXFileReference; lastKnownFileType = image.png; path = "Default-Portrait~ipad.png"; sourceTree = "<group>"; };
		C810450017679BB000DFC1DE /* Default-Landscape~ipad.png */ = {isa = PBXFileReference; lastKnownFileType = image.png; path = "Default-Landscape~ipad.png"; sourceTree = "<group>"; };
		C810450217679BB400DFC1DE /* Default-Landscape@2x~ipad.png */ = {isa = PBXFileReference; lastKnownFileType = image.png; path = "Default-Landscape@2x~ipad.png"; sourceTree = "<group>"; };
		C810A96F1771FF6C0017C483 /* GraphViewController.h */ = {isa = PBXFileReference; fileEncoding = 4; lastKnownFileType = sourcecode.c.h; path = GraphViewController.h; sourceTree = "<group>"; };
		C810A9701771FF6C0017C483 /* GraphViewController.m */ = {isa = PBXFileReference; fileEncoding = 4; lastKnownFileType = sourcecode.c.objc; path = GraphViewController.m; sourceTree = "<group>"; };
		C86D12B5177AA86B00E671D0 /* BarGraph2ViewController.h */ = {isa = PBXFileReference; fileEncoding = 4; lastKnownFileType = sourcecode.c.h; path = BarGraph2ViewController.h; sourceTree = "<group>"; };
		C86D12B6177AA86B00E671D0 /* BarGraph2ViewController.m */ = {isa = PBXFileReference; fileEncoding = 4; lastKnownFileType = sourcecode.c.objc; path = BarGraph2ViewController.m; sourceTree = "<group>"; };
		C87FEFF4176A7834007809E6 /* CorePlot-CocoaTouch.h */ = {isa = PBXFileReference; fileEncoding = 4; lastKnownFileType = sourcecode.c.h; path = "CorePlot-CocoaTouch.h"; sourceTree = "<group>"; };
		C87FEFF5176A7834007809E6 /* CPTAnimation.h */ = {isa = PBXFileReference; fileEncoding = 4; lastKnownFileType = sourcecode.c.h; path = CPTAnimation.h; sourceTree = "<group>"; };
		C87FEFF6176A7834007809E6 /* CPTAnimationOperation.h */ = {isa = PBXFileReference; fileEncoding = 4; lastKnownFileType = sourcecode.c.h; path = CPTAnimationOperation.h; sourceTree = "<group>"; };
		C87FEFF7176A7834007809E6 /* CPTAnimationPeriod.h */ = {isa = PBXFileReference; fileEncoding = 4; lastKnownFileType = sourcecode.c.h; path = CPTAnimationPeriod.h; sourceTree = "<group>"; };
		C87FEFF8176A7834007809E6 /* CPTAnnotation.h */ = {isa = PBXFileReference; fileEncoding = 4; lastKnownFileType = sourcecode.c.h; path = CPTAnnotation.h; sourceTree = "<group>"; };
		C87FEFF9176A7834007809E6 /* CPTAnnotationHostLayer.h */ = {isa = PBXFileReference; fileEncoding = 4; lastKnownFileType = sourcecode.c.h; path = CPTAnnotationHostLayer.h; sourceTree = "<group>"; };
		C87FEFFA176A7834007809E6 /* CPTAxis.h */ = {isa = PBXFileReference; fileEncoding = 4; lastKnownFileType = sourcecode.c.h; path = CPTAxis.h; sourceTree = "<group>"; };
		C87FEFFB176A7834007809E6 /* CPTAxisLabel.h */ = {isa = PBXFileReference; fileEncoding = 4; lastKnownFileType = sourcecode.c.h; path = CPTAxisLabel.h; sourceTree = "<group>"; };
		C87FEFFC176A7834007809E6 /* CPTAxisLabelGroup.h */ = {isa = PBXFileReference; fileEncoding = 4; lastKnownFileType = sourcecode.c.h; path = CPTAxisLabelGroup.h; sourceTree = "<group>"; };
		C87FEFFD176A7834007809E6 /* CPTAxisSet.h */ = {isa = PBXFileReference; fileEncoding = 4; lastKnownFileType = sourcecode.c.h; path = CPTAxisSet.h; sourceTree = "<group>"; };
		C87FEFFE176A7834007809E6 /* CPTAxisTitle.h */ = {isa = PBXFileReference; fileEncoding = 4; lastKnownFileType = sourcecode.c.h; path = CPTAxisTitle.h; sourceTree = "<group>"; };
		C87FEFFF176A7834007809E6 /* CPTBarPlot.h */ = {isa = PBXFileReference; fileEncoding = 4; lastKnownFileType = sourcecode.c.h; path = CPTBarPlot.h; sourceTree = "<group>"; };
		C87FF000176A7834007809E6 /* CPTBorderedLayer.h */ = {isa = PBXFileReference; fileEncoding = 4; lastKnownFileType = sourcecode.c.h; path = CPTBorderedLayer.h; sourceTree = "<group>"; };
		C87FF001176A7834007809E6 /* CPTCalendarFormatter.h */ = {isa = PBXFileReference; fileEncoding = 4; lastKnownFileType = sourcecode.c.h; path = CPTCalendarFormatter.h; sourceTree = "<group>"; };
		C87FF002176A7834007809E6 /* CPTColor.h */ = {isa = PBXFileReference; fileEncoding = 4; lastKnownFileType = sourcecode.c.h; path = CPTColor.h; sourceTree = "<group>"; };
		C87FF003176A7834007809E6 /* CPTColorSpace.h */ = {isa = PBXFileReference; fileEncoding = 4; lastKnownFileType = sourcecode.c.h; path = CPTColorSpace.h; sourceTree = "<group>"; };
		C87FF004176A7834007809E6 /* CPTConstraints.h */ = {isa = PBXFileReference; fileEncoding = 4; lastKnownFileType = sourcecode.c.h; path = CPTConstraints.h; sourceTree = "<group>"; };
		C87FF005176A7834007809E6 /* CPTDataSourceTestCase.h */ = {isa = PBXFileReference; fileEncoding = 4; lastKnownFileType = sourcecode.c.h; path = CPTDataSourceTestCase.h; sourceTree = "<group>"; };
		C87FF006176A7834007809E6 /* CPTDefinitions.h */ = {isa = PBXFileReference; fileEncoding = 4; lastKnownFileType = sourcecode.c.h; path = CPTDefinitions.h; sourceTree = "<group>"; };
		C87FF007176A7834007809E6 /* CPTDerivedXYGraph.h */ = {isa = PBXFileReference; fileEncoding = 4; lastKnownFileType = sourcecode.c.h; path = CPTDerivedXYGraph.h; sourceTree = "<group>"; };
		C87FF008176A7834007809E6 /* CPTExceptions.h */ = {isa = PBXFileReference; fileEncoding = 4; lastKnownFileType = sourcecode.c.h; path = CPTExceptions.h; sourceTree = "<group>"; };
		C87FF009176A7834007809E6 /* CPTFill.h */ = {isa = PBXFileReference; fileEncoding = 4; lastKnownFileType = sourcecode.c.h; path = CPTFill.h; sourceTree = "<group>"; };
		C87FF00A176A7834007809E6 /* CPTGradient.h */ = {isa = PBXFileReference; fileEncoding = 4; lastKnownFileType = sourcecode.c.h; path = CPTGradient.h; sourceTree = "<group>"; };
		C87FF00B176A7834007809E6 /* CPTGraph.h */ = {isa = PBXFileReference; fileEncoding = 4; lastKnownFileType = sourcecode.c.h; path = CPTGraph.h; sourceTree = "<group>"; };
		C87FF00C176A7834007809E6 /* CPTGraphHostingView.h */ = {isa = PBXFileReference; fileEncoding = 4; lastKnownFileType = sourcecode.c.h; path = CPTGraphHostingView.h; sourceTree = "<group>"; };
		C87FF00D176A7834007809E6 /* CPTGridLineGroup.h */ = {isa = PBXFileReference; fileEncoding = 4; lastKnownFileType = sourcecode.c.h; path = CPTGridLineGroup.h; sourceTree = "<group>"; };
		C87FF00E176A7834007809E6 /* CPTGridLines.h */ = {isa = PBXFileReference; fileEncoding = 4; lastKnownFileType = sourcecode.c.h; path = CPTGridLines.h; sourceTree = "<group>"; };
		C87FF00F176A7834007809E6 /* CPTImage.h */ = {isa = PBXFileReference; fileEncoding = 4; lastKnownFileType = sourcecode.c.h; path = CPTImage.h; sourceTree = "<group>"; };
		C87FF010176A7834007809E6 /* CPTLayer.h */ = {isa = PBXFileReference; fileEncoding = 4; lastKnownFileType = sourcecode.c.h; path = CPTLayer.h; sourceTree = "<group>"; };
		C87FF011176A7834007809E6 /* CPTLayerAnnotation.h */ = {isa = PBXFileReference; fileEncoding = 4; lastKnownFileType = sourcecode.c.h; path = CPTLayerAnnotation.h; sourceTree = "<group>"; };
		C87FF012176A7834007809E6 /* CPTLegend.h */ = {isa = PBXFileReference; fileEncoding = 4; lastKnownFileType = sourcecode.c.h; path = CPTLegend.h; sourceTree = "<group>"; };
		C87FF013176A7834007809E6 /* CPTLegendEntry.h */ = {isa = PBXFileReference; fileEncoding = 4; lastKnownFileType = sourcecode.c.h; path = CPTLegendEntry.h; sourceTree = "<group>"; };
		C87FF014176A7834007809E6 /* CPTLimitBand.h */ = {isa = PBXFileReference; fileEncoding = 4; lastKnownFileType = sourcecode.c.h; path = CPTLimitBand.h; sourceTree = "<group>"; };
		C87FF015176A7834007809E6 /* CPTLineCap.h */ = {isa = PBXFileReference; fileEncoding = 4; lastKnownFileType = sourcecode.c.h; path = CPTLineCap.h; sourceTree = "<group>"; };
		C87FF016176A7834007809E6 /* CPTLineStyle.h */ = {isa = PBXFileReference; fileEncoding = 4; lastKnownFileType = sourcecode.c.h; path = CPTLineStyle.h; sourceTree = "<group>"; };
		C87FF017176A7834007809E6 /* CPTMutableLineStyle.h */ = {isa = PBXFileReference; fileEncoding = 4; lastKnownFileType = sourcecode.c.h; path = CPTMutableLineStyle.h; sourceTree = "<group>"; };
		C87FF018176A7834007809E6 /* CPTMutableNumericData+TypeConversion.h */ = {isa = PBXFileReference; fileEncoding = 4; lastKnownFileType = sourcecode.c.h; path = "CPTMutableNumericData+TypeConversion.h"; sourceTree = "<group>"; };
		C87FF019176A7834007809E6 /* CPTMutableNumericData.h */ = {isa = PBXFileReference; fileEncoding = 4; lastKnownFileType = sourcecode.c.h; path = CPTMutableNumericData.h; sourceTree = "<group>"; };
		C87FF01A176A7834007809E6 /* CPTMutablePlotRange.h */ = {isa = PBXFileReference; fileEncoding = 4; lastKnownFileType = sourcecode.c.h; path = CPTMutablePlotRange.h; sourceTree = "<group>"; };
		C87FF01B176A7834007809E6 /* CPTMutableShadow.h */ = {isa = PBXFileReference; fileEncoding = 4; lastKnownFileType = sourcecode.c.h; path = CPTMutableShadow.h; sourceTree = "<group>"; };
		C87FF01C176A7834007809E6 /* CPTMutableTextStyle.h */ = {isa = PBXFileReference; fileEncoding = 4; lastKnownFileType = sourcecode.c.h; path = CPTMutableTextStyle.h; sourceTree = "<group>"; };
		C87FF01D176A7834007809E6 /* CPTNumericData+TypeConversion.h */ = {isa = PBXFileReference; fileEncoding = 4; lastKnownFileType = sourcecode.c.h; path = "CPTNumericData+TypeConversion.h"; sourceTree = "<group>"; };
		C87FF01E176A7834007809E6 /* CPTNumericData.h */ = {isa = PBXFileReference; fileEncoding = 4; lastKnownFileType = sourcecode.c.h; path = CPTNumericData.h; sourceTree = "<group>"; };
		C87FF01F176A7834007809E6 /* CPTNumericDataType.h */ = {isa = PBXFileReference; fileEncoding = 4; lastKnownFileType = sourcecode.c.h; path = CPTNumericDataType.h; sourceTree = "<group>"; };
		C87FF020176A7834007809E6 /* CPTPathExtensions.h */ = {isa = PBXFileReference; fileEncoding = 4; lastKnownFileType = sourcecode.c.h; path = CPTPathExtensions.h; sourceTree = "<group>"; };
		C87FF021176A7834007809E6 /* CPTPieChart.h */ = {isa = PBXFileReference; fileEncoding = 4; lastKnownFileType = sourcecode.c.h; path = CPTPieChart.h; sourceTree = "<group>"; };
		C87FF022176A7834007809E6 /* CPTPlatformSpecificCategories.h */ = {isa = PBXFileReference; fileEncoding = 4; lastKnownFileType = sourcecode.c.h; path = CPTPlatformSpecificCategories.h; sourceTree = "<group>"; };
		C87FF023176A7834007809E6 /* CPTPlatformSpecificDefines.h */ = {isa = PBXFileReference; fileEncoding = 4; lastKnownFileType = sourcecode.c.h; path = CPTPlatformSpecificDefines.h; sourceTree = "<group>"; };
		C87FF024176A7834007809E6 /* CPTPlatformSpecificFunctions.h */ = {isa = PBXFileReference; fileEncoding = 4; lastKnownFileType = sourcecode.c.h; path = CPTPlatformSpecificFunctions.h; sourceTree = "<group>"; };
		C87FF025176A7834007809E6 /* CPTPlot.h */ = {isa = PBXFileReference; fileEncoding = 4; lastKnownFileType = sourcecode.c.h; path = CPTPlot.h; sourceTree = "<group>"; };
		C87FF026176A7834007809E6 /* CPTPlotArea.h */ = {isa = PBXFileReference; fileEncoding = 4; lastKnownFileType = sourcecode.c.h; path = CPTPlotArea.h; sourceTree = "<group>"; };
		C87FF027176A7834007809E6 /* CPTPlotAreaFrame.h */ = {isa = PBXFileReference; fileEncoding = 4; lastKnownFileType = sourcecode.c.h; path = CPTPlotAreaFrame.h; sourceTree = "<group>"; };
		C87FF028176A7834007809E6 /* CPTPlotGroup.h */ = {isa = PBXFileReference; fileEncoding = 4; lastKnownFileType = sourcecode.c.h; path = CPTPlotGroup.h; sourceTree = "<group>"; };
		C87FF029176A7834007809E6 /* CPTPlotRange.h */ = {isa = PBXFileReference; fileEncoding = 4; lastKnownFileType = sourcecode.c.h; path = CPTPlotRange.h; sourceTree = "<group>"; };
		C87FF02A176A7834007809E6 /* CPTPlotSpace.h */ = {isa = PBXFileReference; fileEncoding = 4; lastKnownFileType = sourcecode.c.h; path = CPTPlotSpace.h; sourceTree = "<group>"; };
		C87FF02B176A7834007809E6 /* CPTPlotSpaceAnnotation.h */ = {isa = PBXFileReference; fileEncoding = 4; lastKnownFileType = sourcecode.c.h; path = CPTPlotSpaceAnnotation.h; sourceTree = "<group>"; };
		C87FF02C176A7834007809E6 /* CPTPlotSymbol.h */ = {isa = PBXFileReference; fileEncoding = 4; lastKnownFileType = sourcecode.c.h; path = CPTPlotSymbol.h; sourceTree = "<group>"; };
		C87FF02D176A7834007809E6 /* CPTRangePlot.h */ = {isa = PBXFileReference; fileEncoding = 4; lastKnownFileType = sourcecode.c.h; path = CPTRangePlot.h; sourceTree = "<group>"; };
		C87FF02E176A7834007809E6 /* CPTResponder.h */ = {isa = PBXFileReference; fileEncoding = 4; lastKnownFileType = sourcecode.c.h; path = CPTResponder.h; sourceTree = "<group>"; };
		C87FF02F176A7834007809E6 /* CPTScatterPlot.h */ = {isa = PBXFileReference; fileEncoding = 4; lastKnownFileType = sourcecode.c.h; path = CPTScatterPlot.h; sourceTree = "<group>"; };
		C87FF030176A7834007809E6 /* CPTShadow.h */ = {isa = PBXFileReference; fileEncoding = 4; lastKnownFileType = sourcecode.c.h; path = CPTShadow.h; sourceTree = "<group>"; };
		C87FF031176A7834007809E6 /* CPTTestCase.h */ = {isa = PBXFileReference; fileEncoding = 4; lastKnownFileType = sourcecode.c.h; path = CPTTestCase.h; sourceTree = "<group>"; };
		C87FF032176A7834007809E6 /* CPTTextLayer.h */ = {isa = PBXFileReference; fileEncoding = 4; lastKnownFileType = sourcecode.c.h; path = CPTTextLayer.h; sourceTree = "<group>"; };
		C87FF033176A7834007809E6 /* CPTTextStyle.h */ = {isa = PBXFileReference; fileEncoding = 4; lastKnownFileType = sourcecode.c.h; path = CPTTextStyle.h; sourceTree = "<group>"; };
		C87FF034176A7834007809E6 /* CPTTextStylePlatformSpecific.h */ = {isa = PBXFileReference; fileEncoding = 4; lastKnownFileType = sourcecode.c.h; path = CPTTextStylePlatformSpecific.h; sourceTree = "<group>"; };
		C87FF035176A7834007809E6 /* CPTTheme.h */ = {isa = PBXFileReference; fileEncoding = 4; lastKnownFileType = sourcecode.c.h; path = CPTTheme.h; sourceTree = "<group>"; };
		C87FF036176A7834007809E6 /* CPTTimeFormatter.h */ = {isa = PBXFileReference; fileEncoding = 4; lastKnownFileType = sourcecode.c.h; path = CPTTimeFormatter.h; sourceTree = "<group>"; };
		C87FF037176A7834007809E6 /* CPTTradingRangePlot.h */ = {isa = PBXFileReference; fileEncoding = 4; lastKnownFileType = sourcecode.c.h; path = CPTTradingRangePlot.h; sourceTree = "<group>"; };
		C87FF038176A7834007809E6 /* CPTUtilities.h */ = {isa = PBXFileReference; fileEncoding = 4; lastKnownFileType = sourcecode.c.h; path = CPTUtilities.h; sourceTree = "<group>"; };
		C87FF039176A7834007809E6 /* CPTXYAxis.h */ = {isa = PBXFileReference; fileEncoding = 4; lastKnownFileType = sourcecode.c.h; path = CPTXYAxis.h; sourceTree = "<group>"; };
		C87FF03A176A7834007809E6 /* CPTXYAxisSet.h */ = {isa = PBXFileReference; fileEncoding = 4; lastKnownFileType = sourcecode.c.h; path = CPTXYAxisSet.h; sourceTree = "<group>"; };
		C87FF03B176A7834007809E6 /* CPTXYGraph.h */ = {isa = PBXFileReference; fileEncoding = 4; lastKnownFileType = sourcecode.c.h; path = CPTXYGraph.h; sourceTree = "<group>"; };
		C87FF03C176A7834007809E6 /* CPTXYPlotSpace.h */ = {isa = PBXFileReference; fileEncoding = 4; lastKnownFileType = sourcecode.c.h; path = CPTXYPlotSpace.h; sourceTree = "<group>"; };
		C87FF03D176A7834007809E6 /* mainpage.h */ = {isa = PBXFileReference; fileEncoding = 4; lastKnownFileType = sourcecode.c.h; path = mainpage.h; sourceTree = "<group>"; };
		C87FF03E176A7834007809E6 /* NSCoderExtensions.h */ = {isa = PBXFileReference; fileEncoding = 4; lastKnownFileType = sourcecode.c.h; path = NSCoderExtensions.h; sourceTree = "<group>"; };
		C87FF03F176A7834007809E6 /* NSDecimalNumberExtensions.h */ = {isa = PBXFileReference; fileEncoding = 4; lastKnownFileType = sourcecode.c.h; path = NSDecimalNumberExtensions.h; sourceTree = "<group>"; };
		C87FF040176A7834007809E6 /* NSNumberExtensions.h */ = {isa = PBXFileReference; fileEncoding = 4; lastKnownFileType = sourcecode.c.h; path = NSNumberExtensions.h; sourceTree = "<group>"; };
		C87FF041176A7834007809E6 /* libCorePlot-CocoaTouch.a */ = {isa = PBXFileReference; lastKnownFileType = archive.ar; path = "libCorePlot-CocoaTouch.a"; sourceTree = "<group>"; };
		C87FF043176A7864007809E6 /* QuartzCore.framework */ = {isa = PBXFileReference; lastKnownFileType = wrapper.framework; name = QuartzCore.framework; path = System/Library/Frameworks/QuartzCore.framework; sourceTree = SDKROOT; };
		C87FF045176A7906007809E6 /* bg-01.png */ = {isa = PBXFileReference; lastKnownFileType = image.png; path = "bg-01.png"; sourceTree = "<group>"; };
		C8A6AD281768D1A2002E1EBF /* EvaluationFooter.h */ = {isa = PBXFileReference; fileEncoding = 4; lastKnownFileType = sourcecode.c.h; path = EvaluationFooter.h; sourceTree = "<group>"; };
		C8A6AD291768D1A2002E1EBF /* EvaluationFooter.m */ = {isa = PBXFileReference; fileEncoding = 4; lastKnownFileType = sourcecode.c.objc; path = EvaluationFooter.m; sourceTree = "<group>"; };
		C8F672CE177A353000B68AC0 /* BarGraphViewController.h */ = {isa = PBXFileReference; fileEncoding = 4; lastKnownFileType = sourcecode.c.h; path = BarGraphViewController.h; sourceTree = "<group>"; };
		C8F672CF177A353000B68AC0 /* BarGraphViewController.m */ = {isa = PBXFileReference; fileEncoding = 4; lastKnownFileType = sourcecode.c.objc; path = BarGraphViewController.m; sourceTree = "<group>"; };
		D611B80E17CD42CC0035926A /* OverviewViewController.h */ = {isa = PBXFileReference; fileEncoding = 4; lastKnownFileType = sourcecode.c.h; name = OverviewViewController.h; path = iOperate/OverviewViewController.h; sourceTree = "<group>"; };
		D611B80F17CD42CC0035926A /* OverviewViewController.m */ = {isa = PBXFileReference; fileEncoding = 4; lastKnownFileType = sourcecode.c.objc; name = OverviewViewController.m; path = iOperate/OverviewViewController.m; sourceTree = "<group>"; };
		D62B3A7617419038006BFAE8 /* iOperate.app */ = {isa = PBXFileReference; explicitFileType = wrapper.application; includeInIndex = 0; path = iOperate.app; sourceTree = BUILT_PRODUCTS_DIR; };
		D62B3A7917419038006BFAE8 /* UIKit.framework */ = {isa = PBXFileReference; lastKnownFileType = wrapper.framework; name = UIKit.framework; path = System/Library/Frameworks/UIKit.framework; sourceTree = SDKROOT; };
		D62B3A7B17419038006BFAE8 /* Foundation.framework */ = {isa = PBXFileReference; lastKnownFileType = wrapper.framework; name = Foundation.framework; path = System/Library/Frameworks/Foundation.framework; sourceTree = SDKROOT; };
		D62B3A7D17419038006BFAE8 /* CoreGraphics.framework */ = {isa = PBXFileReference; lastKnownFileType = wrapper.framework; name = CoreGraphics.framework; path = System/Library/Frameworks/CoreGraphics.framework; sourceTree = SDKROOT; };
		D62B3A8117419038006BFAE8 /* iOperate-Info.plist */ = {isa = PBXFileReference; lastKnownFileType = text.plist.xml; path = "iOperate-Info.plist"; sourceTree = "<group>"; };
		D62B3A8317419038006BFAE8 /* en */ = {isa = PBXFileReference; lastKnownFileType = text.plist.strings; name = en; path = en.lproj/InfoPlist.strings; sourceTree = "<group>"; };
		D62B3A8517419038006BFAE8 /* main.m */ = {isa = PBXFileReference; lastKnownFileType = sourcecode.c.objc; path = main.m; sourceTree = "<group>"; };
		D62B3A8717419038006BFAE8 /* iOperate-Prefix.pch */ = {isa = PBXFileReference; lastKnownFileType = sourcecode.c.h; path = "iOperate-Prefix.pch"; sourceTree = "<group>"; };
		D62B3A8817419038006BFAE8 /* UTLAppDelegate.h */ = {isa = PBXFileReference; lastKnownFileType = sourcecode.c.h; path = UTLAppDelegate.h; sourceTree = "<group>"; };
		D62B3A8917419038006BFAE8 /* UTLAppDelegate.m */ = {isa = PBXFileReference; lastKnownFileType = sourcecode.c.objc; path = UTLAppDelegate.m; sourceTree = "<group>"; };
		D62B3A8B17419038006BFAE8 /* Default.png */ = {isa = PBXFileReference; lastKnownFileType = image.png; path = Default.png; sourceTree = "<group>"; };
		D62B3A8D17419038006BFAE8 /* Default@2x.png */ = {isa = PBXFileReference; lastKnownFileType = image.png; path = "Default@2x.png"; sourceTree = "<group>"; };
		D62B3A8F17419038006BFAE8 /* Default-568h@2x.png */ = {isa = PBXFileReference; lastKnownFileType = image.png; path = "Default-568h@2x.png"; sourceTree = "<group>"; };
		D62B3A9417419038006BFAE8 /* UTLViewController.h */ = {isa = PBXFileReference; lastKnownFileType = sourcecode.c.h; path = UTLViewController.h; sourceTree = "<group>"; };
		D62B3A9517419038006BFAE8 /* UTLViewController.m */ = {isa = PBXFileReference; lastKnownFileType = sourcecode.c.objc; path = UTLViewController.m; sourceTree = "<group>"; };
		D62F852C179F785E00C667DC /* GraphingView.h */ = {isa = PBXFileReference; lastKnownFileType = sourcecode.c.h; path = GraphingView.h; sourceTree = "<group>"; };
		D62F852D179F785E00C667DC /* GraphingView.m */ = {isa = PBXFileReference; lastKnownFileType = sourcecode.c.objc; path = GraphingView.m; sourceTree = "<group>"; };
		D632A16817A83DF3009AECA8 /* LineGraph.h */ = {isa = PBXFileReference; fileEncoding = 4; lastKnownFileType = sourcecode.c.h; name = LineGraph.h; path = iOperate/LineGraph.h; sourceTree = "<group>"; };
		D632A16917A83DF3009AECA8 /* LineGraph.m */ = {isa = PBXFileReference; fileEncoding = 4; lastKnownFileType = sourcecode.c.objc; name = LineGraph.m; path = iOperate/LineGraph.m; sourceTree = "<group>"; };
		D66EB82717A6343800534D4C /* CustomDrawingView.h */ = {isa = PBXFileReference; lastKnownFileType = sourcecode.c.h; name = CustomDrawingView.h; path = iOperate/CustomDrawingView.h; sourceTree = "<group>"; };
		D66EB82817A6343800534D4C /* CustomDrawingView.m */ = {isa = PBXFileReference; lastKnownFileType = sourcecode.c.objc; name = CustomDrawingView.m; path = iOperate/CustomDrawingView.m; sourceTree = "<group>"; };
		D66EB82917A6363B00534D4C /* Recognized.h */ = {isa = PBXFileReference; lastKnownFileType = sourcecode.c.h; path = Recognized.h; sourceTree = "<group>"; };
		D66EB82A17A6363B00534D4C /* Recognized.m */ = {isa = PBXFileReference; lastKnownFileType = sourcecode.c.objc; path = Recognized.m; sourceTree = "<group>"; };
		D66FFA43175FB6EE004C9AA4 /* EvaluationViewController.h */ = {isa = PBXFileReference; fileEncoding = 4; lastKnownFileType = sourcecode.c.h; path = EvaluationViewController.h; sourceTree = "<group>"; };
		D66FFA44175FB6EE004C9AA4 /* EvaluationViewController.m */ = {isa = PBXFileReference; fileEncoding = 4; lastKnownFileType = sourcecode.c.objc; path = EvaluationViewController.m; sourceTree = "<group>"; };
		D66FFA46175FB765004C9AA4 /* EvaluationCell.h */ = {isa = PBXFileReference; fileEncoding = 4; lastKnownFileType = sourcecode.c.h; path = EvaluationCell.h; sourceTree = "<group>"; };
		D66FFA47175FB765004C9AA4 /* EvaluationCell.m */ = {isa = PBXFileReference; fileEncoding = 4; lastKnownFileType = sourcecode.c.objc; path = EvaluationCell.m; sourceTree = "<group>"; };
		D67C1495174D2F0500237C69 /* CustomCell.h */ = {isa = PBXFileReference; fileEncoding = 4; lastKnownFileType = sourcecode.c.h; path = CustomCell.h; sourceTree = "<group>"; };
		D67C1496174D2F0500237C69 /* CustomCell.m */ = {isa = PBXFileReference; fileEncoding = 4; lastKnownFileType = sourcecode.c.objc; path = CustomCell.m; sourceTree = "<group>"; };
		D67C1498174D30AC00237C69 /* CollectionViewViewController.h */ = {isa = PBXFileReference; fileEncoding = 4; lastKnownFileType = sourcecode.c.h; path = CollectionViewViewController.h; sourceTree = "<group>"; };
		D67C1499174D30AC00237C69 /* CollectionViewViewController.m */ = {isa = PBXFileReference; fileEncoding = 4; lastKnownFileType = sourcecode.c.objc; path = CollectionViewViewController.m; sourceTree = "<group>"; };
		D67CEEE517468CAD0036B49F /* PhotoViewerViewController.h */ = {isa = PBXFileReference; fileEncoding = 4; lastKnownFileType = sourcecode.c.h; path = PhotoViewerViewController.h; sourceTree = "<group>"; };
		D67CEEE617468CAD0036B49F /* PhotoViewerViewController.m */ = {isa = PBXFileReference; fileEncoding = 4; lastKnownFileType = sourcecode.c.objc; path = PhotoViewerViewController.m; sourceTree = "<group>"; };
		D67EF14917A6EB8000993A53 /* DrawingViewController.h */ = {isa = PBXFileReference; fileEncoding = 4; lastKnownFileType = sourcecode.c.h; path = DrawingViewController.h; sourceTree = "<group>"; };
		D67EF14A17A6EB8000993A53 /* DrawingViewController.m */ = {isa = PBXFileReference; fileEncoding = 4; lastKnownFileType = sourcecode.c.objc; path = DrawingViewController.m; sourceTree = "<group>"; };
		D67EF14C17A6EFA700993A53 /* DrawRectView.h */ = {isa = PBXFileReference; fileEncoding = 4; lastKnownFileType = sourcecode.c.h; path = DrawRectView.h; sourceTree = "<group>"; };
		D67EF14D17A6EFA700993A53 /* DrawRectView.m */ = {isa = PBXFileReference; fileEncoding = 4; lastKnownFileType = sourcecode.c.objc; path = DrawRectView.m; sourceTree = "<group>"; };
		D67EF14F17A704BD00993A53 /* CustomGraphsViewController.h */ = {isa = PBXFileReference; fileEncoding = 4; lastKnownFileType = sourcecode.c.h; name = CustomGraphsViewController.h; path = iOperate/CustomGraphsViewController.h; sourceTree = "<group>"; };
		D67EF15017A704BD00993A53 /* CustomGraphsViewController.m */ = {isa = PBXFileReference; fileEncoding = 4; lastKnownFileType = sourcecode.c.objc; name = CustomGraphsViewController.m; path = iOperate/CustomGraphsViewController.m; sourceTree = "<group>"; };
		D680811317553F7100366BAC /* 1.tif */ = {isa = PBXFileReference; lastKnownFileType = image.tiff; path = 1.tif; sourceTree = "<group>"; };
		D680811417553F7100366BAC /* 2.tif */ = {isa = PBXFileReference; lastKnownFileType = image.tiff; path = 2.tif; sourceTree = "<group>"; };
		D680811517553F7100366BAC /* 3.tif */ = {isa = PBXFileReference; lastKnownFileType = image.tiff; path = 3.tif; sourceTree = "<group>"; };
		D680811617553F7100366BAC /* 4.tif */ = {isa = PBXFileReference; lastKnownFileType = image.tiff; path = 4.tif; sourceTree = "<group>"; };
		D680811717553F7100366BAC /* 5.tif */ = {isa = PBXFileReference; lastKnownFileType = image.tiff; path = 5.tif; sourceTree = "<group>"; };
		D680811817553F7100366BAC /* 6.tif */ = {isa = PBXFileReference; lastKnownFileType = image.tiff; path = 6.tif; sourceTree = "<group>"; };
		D680811917553F7100366BAC /* 7.tif */ = {isa = PBXFileReference; lastKnownFileType = image.tiff; path = 7.tif; sourceTree = "<group>"; };
		D680811A17553F7100366BAC /* 8.tif */ = {isa = PBXFileReference; lastKnownFileType = image.tiff; path = 8.tif; sourceTree = "<group>"; };
		D680811B17553F7100366BAC /* 9.tif */ = {isa = PBXFileReference; lastKnownFileType = image.tiff; path = 9.tif; sourceTree = "<group>"; };
		D680811C17553F7100366BAC /* 10.tif */ = {isa = PBXFileReference; lastKnownFileType = image.tiff; path = 10.tif; sourceTree = "<group>"; };
		D680811D17553F7100366BAC /* 11.tif */ = {isa = PBXFileReference; lastKnownFileType = image.tiff; path = 11.tif; sourceTree = "<group>"; };
		D680811E17553F7100366BAC /* 12.tif */ = {isa = PBXFileReference; lastKnownFileType = image.tiff; path = 12.tif; sourceTree = "<group>"; };
		D680811F17553F7100366BAC /* 13.tif */ = {isa = PBXFileReference; lastKnownFileType = image.tiff; path = 13.tif; sourceTree = "<group>"; };
		D680812017553F7100366BAC /* 14.tif */ = {isa = PBXFileReference; lastKnownFileType = image.tiff; path = 14.tif; sourceTree = "<group>"; };
		D680812117553F7100366BAC /* 15.tif */ = {isa = PBXFileReference; lastKnownFileType = image.tiff; path = 15.tif; sourceTree = "<group>"; };
		D6AEDA9B17BEBA990096B389 /* TimeLineViewController.h */ = {isa = PBXFileReference; fileEncoding = 4; lastKnownFileType = sourcecode.c.h; path = TimeLineViewController.h; sourceTree = "<group>"; };
		D6AEDA9C17BEBA990096B389 /* TimeLineViewController.m */ = {isa = PBXFileReference; fileEncoding = 4; lastKnownFileType = sourcecode.c.objc; path = TimeLineViewController.m; sourceTree = "<group>"; };
		D6AEDA9E17BEBAD60096B389 /* TimeLinveCell.h */ = {isa = PBXFileReference; fileEncoding = 4; lastKnownFileType = sourcecode.c.h; path = TimeLinveCell.h; sourceTree = "<group>"; };
		D6AEDA9F17BEBAD60096B389 /* TimeLinveCell.m */ = {isa = PBXFileReference; fileEncoding = 4; lastKnownFileType = sourcecode.c.objc; path = TimeLinveCell.m; sourceTree = "<group>"; };
		D6AEDAA117BF117C0096B389 /* ShowTextButton.h */ = {isa = PBXFileReference; fileEncoding = 4; lastKnownFileType = sourcecode.c.h; path = ShowTextButton.h; sourceTree = "<group>"; };
		D6AEDAA217BF117C0096B389 /* ShowTextButton.m */ = {isa = PBXFileReference; fileEncoding = 4; lastKnownFileType = sourcecode.c.objc; path = ShowTextButton.m; sourceTree = "<group>"; };
		D6F2A5101774E0B700B9D8B0 /* TestResult.h */ = {isa = PBXFileReference; fileEncoding = 4; lastKnownFileType = sourcecode.c.h; path = TestResult.h; sourceTree = "<group>"; };
		D6F2A5111774E0B700B9D8B0 /* TestResult.m */ = {isa = PBXFileReference; fileEncoding = 4; lastKnownFileType = sourcecode.c.objc; path = TestResult.m; sourceTree = "<group>"; };
/* End PBXFileReference section */

/* Begin PBXFrameworksBuildPhase section */
		D62B3A7317419038006BFAE8 /* Frameworks */ = {
			isa = PBXFrameworksBuildPhase;
			buildActionMask = 2147483647;
			files = (
				C87FF044176A7864007809E6 /* QuartzCore.framework in Frameworks */,
				1A3542881746BCC100DF41AF /* MediaPlayer.framework in Frameworks */,
				D62B3A7A17419038006BFAE8 /* UIKit.framework in Frameworks */,
				D62B3A7C17419038006BFAE8 /* Foundation.framework in Frameworks */,
				D62B3A7E17419038006BFAE8 /* CoreGraphics.framework in Frameworks */,
				C87FF042176A7834007809E6 /* libCorePlot-CocoaTouch.a in Frameworks */,
			);
			runOnlyForDeploymentPostprocessing = 0;
		};
/* End PBXFrameworksBuildPhase section */

/* Begin PBXGroup section */
		C87FEFF3176A7834007809E6 /* CorePlotHeaders */ = {
			isa = PBXGroup;
			children = (
				C87FEFF4176A7834007809E6 /* CorePlot-CocoaTouch.h */,
				C87FEFF5176A7834007809E6 /* CPTAnimation.h */,
				C87FEFF6176A7834007809E6 /* CPTAnimationOperation.h */,
				C87FEFF7176A7834007809E6 /* CPTAnimationPeriod.h */,
				C87FEFF8176A7834007809E6 /* CPTAnnotation.h */,
				C87FEFF9176A7834007809E6 /* CPTAnnotationHostLayer.h */,
				C87FEFFA176A7834007809E6 /* CPTAxis.h */,
				C87FEFFB176A7834007809E6 /* CPTAxisLabel.h */,
				C87FEFFC176A7834007809E6 /* CPTAxisLabelGroup.h */,
				C87FEFFD176A7834007809E6 /* CPTAxisSet.h */,
				C87FEFFE176A7834007809E6 /* CPTAxisTitle.h */,
				C87FEFFF176A7834007809E6 /* CPTBarPlot.h */,
				C87FF000176A7834007809E6 /* CPTBorderedLayer.h */,
				C87FF001176A7834007809E6 /* CPTCalendarFormatter.h */,
				C87FF002176A7834007809E6 /* CPTColor.h */,
				C87FF003176A7834007809E6 /* CPTColorSpace.h */,
				C87FF004176A7834007809E6 /* CPTConstraints.h */,
				C87FF005176A7834007809E6 /* CPTDataSourceTestCase.h */,
				C87FF006176A7834007809E6 /* CPTDefinitions.h */,
				C87FF007176A7834007809E6 /* CPTDerivedXYGraph.h */,
				C87FF008176A7834007809E6 /* CPTExceptions.h */,
				C87FF009176A7834007809E6 /* CPTFill.h */,
				C87FF00A176A7834007809E6 /* CPTGradient.h */,
				C87FF00B176A7834007809E6 /* CPTGraph.h */,
				C87FF00C176A7834007809E6 /* CPTGraphHostingView.h */,
				C87FF00D176A7834007809E6 /* CPTGridLineGroup.h */,
				C87FF00E176A7834007809E6 /* CPTGridLines.h */,
				C87FF00F176A7834007809E6 /* CPTImage.h */,
				C87FF010176A7834007809E6 /* CPTLayer.h */,
				C87FF011176A7834007809E6 /* CPTLayerAnnotation.h */,
				C87FF012176A7834007809E6 /* CPTLegend.h */,
				C87FF013176A7834007809E6 /* CPTLegendEntry.h */,
				C87FF014176A7834007809E6 /* CPTLimitBand.h */,
				C87FF015176A7834007809E6 /* CPTLineCap.h */,
				C87FF016176A7834007809E6 /* CPTLineStyle.h */,
				C87FF017176A7834007809E6 /* CPTMutableLineStyle.h */,
				C87FF018176A7834007809E6 /* CPTMutableNumericData+TypeConversion.h */,
				C87FF019176A7834007809E6 /* CPTMutableNumericData.h */,
				C87FF01A176A7834007809E6 /* CPTMutablePlotRange.h */,
				C87FF01B176A7834007809E6 /* CPTMutableShadow.h */,
				C87FF01C176A7834007809E6 /* CPTMutableTextStyle.h */,
				C87FF01D176A7834007809E6 /* CPTNumericData+TypeConversion.h */,
				C87FF01E176A7834007809E6 /* CPTNumericData.h */,
				C87FF01F176A7834007809E6 /* CPTNumericDataType.h */,
				C87FF020176A7834007809E6 /* CPTPathExtensions.h */,
				C87FF021176A7834007809E6 /* CPTPieChart.h */,
				C87FF022176A7834007809E6 /* CPTPlatformSpecificCategories.h */,
				C87FF023176A7834007809E6 /* CPTPlatformSpecificDefines.h */,
				C87FF024176A7834007809E6 /* CPTPlatformSpecificFunctions.h */,
				C87FF025176A7834007809E6 /* CPTPlot.h */,
				C87FF026176A7834007809E6 /* CPTPlotArea.h */,
				C87FF027176A7834007809E6 /* CPTPlotAreaFrame.h */,
				C87FF028176A7834007809E6 /* CPTPlotGroup.h */,
				C87FF029176A7834007809E6 /* CPTPlotRange.h */,
				C87FF02A176A7834007809E6 /* CPTPlotSpace.h */,
				C87FF02B176A7834007809E6 /* CPTPlotSpaceAnnotation.h */,
				C87FF02C176A7834007809E6 /* CPTPlotSymbol.h */,
				C87FF02D176A7834007809E6 /* CPTRangePlot.h */,
				C87FF02E176A7834007809E6 /* CPTResponder.h */,
				C87FF02F176A7834007809E6 /* CPTScatterPlot.h */,
				C87FF030176A7834007809E6 /* CPTShadow.h */,
				C87FF031176A7834007809E6 /* CPTTestCase.h */,
				C87FF032176A7834007809E6 /* CPTTextLayer.h */,
				C87FF033176A7834007809E6 /* CPTTextStyle.h */,
				C87FF034176A7834007809E6 /* CPTTextStylePlatformSpecific.h */,
				C87FF035176A7834007809E6 /* CPTTheme.h */,
				C87FF036176A7834007809E6 /* CPTTimeFormatter.h */,
				C87FF037176A7834007809E6 /* CPTTradingRangePlot.h */,
				C87FF038176A7834007809E6 /* CPTUtilities.h */,
				C87FF039176A7834007809E6 /* CPTXYAxis.h */,
				C87FF03A176A7834007809E6 /* CPTXYAxisSet.h */,
				C87FF03B176A7834007809E6 /* CPTXYGraph.h */,
				C87FF03C176A7834007809E6 /* CPTXYPlotSpace.h */,
				C87FF03D176A7834007809E6 /* mainpage.h */,
				C87FF03E176A7834007809E6 /* NSCoderExtensions.h */,
				C87FF03F176A7834007809E6 /* NSDecimalNumberExtensions.h */,
				C87FF040176A7834007809E6 /* NSNumberExtensions.h */,
			);
			path = CorePlotHeaders;
			sourceTree = "<group>";
		};
		D62B3A6D17419038006BFAE8 = {
			isa = PBXGroup;
			children = (
				D611B80E17CD42CC0035926A /* OverviewViewController.h */,
				D611B80F17CD42CC0035926A /* OverviewViewController.m */,
				D632A16817A83DF3009AECA8 /* LineGraph.h */,
				D632A16917A83DF3009AECA8 /* LineGraph.m */,
				D67EF14F17A704BD00993A53 /* CustomGraphsViewController.h */,
				D67EF15017A704BD00993A53 /* CustomGraphsViewController.m */,
				D66EB82717A6343800534D4C /* CustomDrawingView.h */,
				D66EB82817A6343800534D4C /* CustomDrawingView.m */,
				C87FF043176A7864007809E6 /* QuartzCore.framework */,
				C810450217679BB400DFC1DE /* Default-Landscape@2x~ipad.png */,
				C810450017679BB000DFC1DE /* Default-Landscape~ipad.png */,
				C81044FE17679B5900DFC1DE /* Default-Portrait~ipad.png */,
				C81044FC17679B4F00DFC1DE /* Default-Portrait@2x~ipad.png */,
				1A3542871746BCC100DF41AF /* MediaPlayer.framework */,
				1A8352E31742E27E000CA4D4 /* Icon-72.png */,
				1A8352E11742E27B000CA4D4 /* Icon-72@2x.png */,
				D62B3A7F17419038006BFAE8 /* iOperate */,
				D62B3A7817419038006BFAE8 /* Frameworks */,
				D62B3A7717419038006BFAE8 /* Products */,
			);
			sourceTree = "<group>";
		};
		D62B3A7717419038006BFAE8 /* Products */ = {
			isa = PBXGroup;
			children = (
				D62B3A7617419038006BFAE8 /* iOperate.app */,
			);
			name = Products;
			sourceTree = "<group>";
		};
		D62B3A7817419038006BFAE8 /* Frameworks */ = {
			isa = PBXGroup;
			children = (
				D62B3A7917419038006BFAE8 /* UIKit.framework */,
				D62B3A7B17419038006BFAE8 /* Foundation.framework */,
				D62B3A7D17419038006BFAE8 /* CoreGraphics.framework */,
			);
			name = Frameworks;
			sourceTree = "<group>";
		};
		D62B3A7F17419038006BFAE8 /* iOperate */ = {
			isa = PBXGroup;
			children = (
				D6F2A5101774E0B700B9D8B0 /* TestResult.h */,
				D6F2A5111774E0B700B9D8B0 /* TestResult.m */,
				C87FEFF3176A7834007809E6 /* CorePlotHeaders */,
				C87FF041176A7834007809E6 /* libCorePlot-CocoaTouch.a */,
				1AD4E5BA17568C780028E418 /* AdvancedCell.h */,
				D66FFA46175FB765004C9AA4 /* EvaluationCell.h */,
				D66FFA47175FB765004C9AA4 /* EvaluationCell.m */,
				1AD4E5BB17568C780028E418 /* AdvancedCell.m */,
				1AD4E5BC17568C780028E418 /* AdvancedCollectionViewViewController.h */,
				1AD4E5BD17568C780028E418 /* AdvancedCollectionViewViewController.m */,
				1A4A11011755200300B5A253 /* MainStoryboard.storyboard */,
				D6AEDAA117BF117C0096B389 /* ShowTextButton.h */,
				D6AEDAA217BF117C0096B389 /* ShowTextButton.m */,
				D6AEDA9B17BEBA990096B389 /* TimeLineViewController.h */,
				D6AEDA9C17BEBA990096B389 /* TimeLineViewController.m */,
				D67EF14917A6EB8000993A53 /* DrawingViewController.h */,
				D67EF14A17A6EB8000993A53 /* DrawingViewController.m */,
				D67EF14C17A6EFA700993A53 /* DrawRectView.h */,
				D67EF14D17A6EFA700993A53 /* DrawRectView.m */,
				C8F672CE177A353000B68AC0 /* BarGraphViewController.h */,
				C8F672CF177A353000B68AC0 /* BarGraphViewController.m */,
				C86D12B5177AA86B00E671D0 /* BarGraph2ViewController.h */,
				C86D12B6177AA86B00E671D0 /* BarGraph2ViewController.m */,
				C804D90117738B6600A7F07E /* QuizCollectionView.h */,
				C804D90217738B6600A7F07E /* QuizCollectionView.m */,
				C810A96F1771FF6C0017C483 /* GraphViewController.h */,
				C810A9701771FF6C0017C483 /* GraphViewController.m */,
				C8A6AD281768D1A2002E1EBF /* EvaluationFooter.h */,
				C8A6AD291768D1A2002E1EBF /* EvaluationFooter.m */,
				1AB1B51D175D07E200F849DA /* QuizCell.h */,
				D6AEDA9E17BEBAD60096B389 /* TimeLinveCell.h */,
				D6AEDA9F17BEBAD60096B389 /* TimeLinveCell.m */,
				1AB1B51E175D07E200F849DA /* QuizCell.m */,
				1AB1B51A175D07A800F849DA /* QuizViewController.h */,
				1AB1B51B175D07A800F849DA /* QuizViewController.m */,
				D62B3A8817419038006BFAE8 /* UTLAppDelegate.h */,
				D62B3A8917419038006BFAE8 /* UTLAppDelegate.m */,
				D67C1495174D2F0500237C69 /* CustomCell.h */,
				D67C1496174D2F0500237C69 /* CustomCell.m */,
				D67C1498174D30AC00237C69 /* CollectionViewViewController.h */,
				D67C1499174D30AC00237C69 /* CollectionViewViewController.m */,
				1A35428F1746C48900DF41AF /* MovieViewController.h */,
				1A3542901746C48900DF41AF /* MovieViewController.m */,
				D67CEEE517468CAD0036B49F /* PhotoViewerViewController.h */,
				D67CEEE617468CAD0036B49F /* PhotoViewerViewController.m */,
				1AFF583A17456D43000BCCCD /* MainMenuCell.h */,
				1AFF583B17456D43000BCCCD /* MainMenuCell.m */,
				1AFF583717456BF9000BCCCD /* MainMenuViewController.h */,
				1AFF583817456BF9000BCCCD /* MainMenuViewController.m */,
				D62B3A9417419038006BFAE8 /* UTLViewController.h */,
				D62B3A9517419038006BFAE8 /* UTLViewController.m */,
				D62B3A8017419038006BFAE8 /* Supporting Files */,
				D66FFA43175FB6EE004C9AA4 /* EvaluationViewController.h */,
				D66FFA44175FB6EE004C9AA4 /* EvaluationViewController.m */,
				D62F852C179F785E00C667DC /* GraphingView.h */,
				D62F852D179F785E00C667DC /* GraphingView.m */,
				D66EB82917A6363B00534D4C /* Recognized.h */,
				D66EB82A17A6363B00534D4C /* Recognized.m */,
			);
			path = iOperate;
			sourceTree = "<group>";
		};
		D62B3A8017419038006BFAE8 /* Supporting Files */ = {
			isa = PBXGroup;
			children = (
				C87FF045176A7906007809E6 /* bg-01.png */,
				1A36832F1767A04300DC36F3 /* wallpaper-630620.jpg */,
				1AD55B7F174EC5CE0003071F /* arrowLeft.png */,
				1AD55B80174EC5CE0003071F /* arrowRight.png */,
				1A01413F174EB895005D6FAD /* Play_Icon.png */,
				1AFEAF55174D6ACF00016663 /* background1.tif */,
				1AFEAF56174D6ACF00016663 /* background2.tif */,
				1ADBD82E1746CADC005F1CD9 /* mov2.m4v */,
				1A52E78C1746AC3800626D92 /* mov1.mov */,
				D67CEEE817468D080036B49F /* Surgey Illustrations */,
				1A87B450174469D9000D927D /* 1.png */,
				1A3CB24F17443AE0000B6499 /* glossy_button_blank_black_rectangle.png */,
				D62B3A8117419038006BFAE8 /* iOperate-Info.plist */,
				1A3CB242174420DF000B6499 /* b1d5cd_2425592.jpg */,
				1A3CB244174420DF000B6499 /* wallpaper-1231836.jpg */,
				D62B3A8217419038006BFAE8 /* InfoPlist.strings */,
				D62B3A8517419038006BFAE8 /* main.m */,
				D62B3A8717419038006BFAE8 /* iOperate-Prefix.pch */,
				D62B3A8B17419038006BFAE8 /* Default.png */,
				D62B3A8D17419038006BFAE8 /* Default@2x.png */,
				D62B3A8F17419038006BFAE8 /* Default-568h@2x.png */,
			);
			name = "Supporting Files";
			sourceTree = "<group>";
		};
		D67CEEE817468D080036B49F /* Surgey Illustrations */ = {
			isa = PBXGroup;
			children = (
				D680811317553F7100366BAC /* 1.tif */,
				D680811417553F7100366BAC /* 2.tif */,
				D680811517553F7100366BAC /* 3.tif */,
				D680811617553F7100366BAC /* 4.tif */,
				D680811717553F7100366BAC /* 5.tif */,
				D680811817553F7100366BAC /* 6.tif */,
				D680811917553F7100366BAC /* 7.tif */,
				D680811A17553F7100366BAC /* 8.tif */,
				D680811B17553F7100366BAC /* 9.tif */,
				D680811C17553F7100366BAC /* 10.tif */,
				D680811D17553F7100366BAC /* 11.tif */,
				D680811E17553F7100366BAC /* 12.tif */,
				D680811F17553F7100366BAC /* 13.tif */,
				D680812017553F7100366BAC /* 14.tif */,
				D680812117553F7100366BAC /* 15.tif */,
			);
			name = "Surgey Illustrations";
			sourceTree = "<group>";
		};
/* End PBXGroup section */

/* Begin PBXNativeTarget section */
		D62B3A7517419038006BFAE8 /* iOperate */ = {
			isa = PBXNativeTarget;
			buildConfigurationList = D62B3A9917419038006BFAE8 /* Build configuration list for PBXNativeTarget "iOperate" */;
			buildPhases = (
				D62B3A7217419038006BFAE8 /* Sources */,
				D62B3A7317419038006BFAE8 /* Frameworks */,
				D62B3A7417419038006BFAE8 /* Resources */,
			);
			buildRules = (
			);
			dependencies = (
			);
			name = iOperate;
			productName = iOperate;
			productReference = D62B3A7617419038006BFAE8 /* iOperate.app */;
			productType = "com.apple.product-type.application";
		};
/* End PBXNativeTarget section */

/* Begin PBXProject section */
		D62B3A6E17419038006BFAE8 /* Project object */ = {
			isa = PBXProject;
			attributes = {
				CLASSPREFIX = UTL;
				LastUpgradeCheck = 0460;
				ORGANIZATIONNAME = "SIG Center";
			};
			buildConfigurationList = D62B3A7117419038006BFAE8 /* Build configuration list for PBXProject "iOperate" */;
			compatibilityVersion = "Xcode 3.2";
			developmentRegion = English;
			hasScannedForEncodings = 0;
			knownRegions = (
				en,
				English,
			);
			mainGroup = D62B3A6D17419038006BFAE8;
			productRefGroup = D62B3A7717419038006BFAE8 /* Products */;
			projectDirPath = "";
			projectRoot = "";
			targets = (
				D62B3A7517419038006BFAE8 /* iOperate */,
			);
		};
/* End PBXProject section */

/* Begin PBXResourcesBuildPhase section */
		D62B3A7417419038006BFAE8 /* Resources */ = {
			isa = PBXResourcesBuildPhase;
			buildActionMask = 2147483647;
			files = (
				D62B3A8417419038006BFAE8 /* InfoPlist.strings in Resources */,
				D62B3A8C17419038006BFAE8 /* Default.png in Resources */,
				D62B3A9017419038006BFAE8 /* Default-568h@2x.png in Resources */,
				1A8352E21742E27B000CA4D4 /* Icon-72@2x.png in Resources */,
				1A8352E41742E27E000CA4D4 /* Icon-72.png in Resources */,
				1A3CB245174420DF000B6499 /* b1d5cd_2425592.jpg in Resources */,
				1A3CB247174420DF000B6499 /* wallpaper-1231836.jpg in Resources */,
				1A3CB25017443AE0000B6499 /* glossy_button_blank_black_rectangle.png in Resources */,
				1A87B451174469D9000D927D /* 1.png in Resources */,
				1A52E78D1746AC3800626D92 /* mov1.mov in Resources */,
				1AFEAF57174D6ACF00016663 /* background1.tif in Resources */,
				1AFEAF58174D6ACF00016663 /* background2.tif in Resources */,
				1A014140174EB895005D6FAD /* Play_Icon.png in Resources */,
				1AD55B81174EC5CE0003071F /* arrowLeft.png in Resources */,
				1AD55B82174EC5CE0003071F /* arrowRight.png in Resources */,
				1A4A11031755200300B5A253 /* MainStoryboard.storyboard in Resources */,
				D680812217553F7100366BAC /* 1.tif in Resources */,
				D680812317553F7100366BAC /* 2.tif in Resources */,
				D680812417553F7100366BAC /* 3.tif in Resources */,
				D680812517553F7100366BAC /* 4.tif in Resources */,
				D680812617553F7100366BAC /* 5.tif in Resources */,
				D680812717553F7100366BAC /* 6.tif in Resources */,
				D680812817553F7100366BAC /* 7.tif in Resources */,
				D680812917553F7100366BAC /* 8.tif in Resources */,
				D680812A17553F7100366BAC /* 9.tif in Resources */,
				D680812B17553F7100366BAC /* 10.tif in Resources */,
				D680812C17553F7100366BAC /* 11.tif in Resources */,
				D680812D17553F7100366BAC /* 12.tif in Resources */,
				D680812E17553F7100366BAC /* 13.tif in Resources */,
				D680812F17553F7100366BAC /* 14.tif in Resources */,
				D680813017553F7100366BAC /* 15.tif in Resources */,
				C81044FD17679B4F00DFC1DE /* Default-Portrait@2x~ipad.png in Resources */,
				C81044FF17679B5900DFC1DE /* Default-Portrait~ipad.png in Resources */,
				C810450117679BB000DFC1DE /* Default-Landscape~ipad.png in Resources */,
				C810450317679BB400DFC1DE /* Default-Landscape@2x~ipad.png in Resources */,
				1A3683301767A04300DC36F3 /* wallpaper-630620.jpg in Resources */,
				C87FF046176A7906007809E6 /* bg-01.png in Resources */,
			);
			runOnlyForDeploymentPostprocessing = 0;
		};
/* End PBXResourcesBuildPhase section */

/* Begin PBXSourcesBuildPhase section */
		D62B3A7217419038006BFAE8 /* Sources */ = {
			isa = PBXSourcesBuildPhase;
			buildActionMask = 2147483647;
			files = (
				D632A16A17A83DF3009AECA8 /* LineGraph.m in Sources */,
				D62B3A8617419038006BFAE8 /* main.m in Sources */,
				D62B3A8A17419038006BFAE8 /* UTLAppDelegate.m in Sources */,
				D6AEDA9D17BEBA990096B389 /* TimeLineViewController.m in Sources */,
				D6AEDAA017BEBAD60096B389 /* TimeLinveCell.m in Sources */,
				D67EF14E17A6EFA700993A53 /* DrawRectView.m in Sources */,
				D62B3A9617419038006BFAE8 /* UTLViewController.m in Sources */,
				1AFF583917456BF9000BCCCD /* MainMenuViewController.m in Sources */,
				1AFF583C17456D43000BCCCD /* MainMenuCell.m in Sources */,
				D67CEEE717468CAD0036B49F /* PhotoViewerViewController.m in Sources */,
				1A3542911746C48900DF41AF /* MovieViewController.m in Sources */,
				D67C1497174D2F0500237C69 /* CustomCell.m in Sources */,
				D67C149A174D30AC00237C69 /* CollectionViewViewController.m in Sources */,
				1AD4E5BE17568C780028E418 /* AdvancedCell.m in Sources */,
				1AD4E5BF17568C780028E418 /* AdvancedCollectionViewViewController.m in Sources */,
				1AB1B51C175D07A800F849DA /* QuizViewController.m in Sources */,
				1AB1B51F175D07E200F849DA /* QuizCell.m in Sources */,
				D66FFA45175FB6EE004C9AA4 /* EvaluationViewController.m in Sources */,
				D66FFA48175FB765004C9AA4 /* EvaluationCell.m in Sources */,
				D67EF14B17A6EB8000993A53 /* DrawingViewController.m in Sources */,
				C8A6AD2A1768D1A2002E1EBF /* EvaluationFooter.m in Sources */,
				C810A9711771FF6C0017C483 /* GraphViewController.m in Sources */,
				C804D90317738B6600A7F07E /* QuizCollectionView.m in Sources */,
				D6F2A5121774E0B700B9D8B0 /* TestResult.m in Sources */,
				C8F672D0177A353000B68AC0 /* BarGraphViewController.m in Sources */,
				D611B81017CD42CD0035926A /* OverviewViewController.m in Sources */,
				D6AEDAA317BF117C0096B389 /* ShowTextButton.m in Sources */,
				D67EF15117A704BD00993A53 /* CustomGraphsViewController.m in Sources */,
				C86D12B7177AA86B00E671D0 /* BarGraph2ViewController.m in Sources */,
			);
			runOnlyForDeploymentPostprocessing = 0;
		};
/* End PBXSourcesBuildPhase section */

/* Begin PBXVariantGroup section */
		1A4A11011755200300B5A253 /* MainStoryboard.storyboard */ = {
			isa = PBXVariantGroup;
			children = (
				1A4A11021755200300B5A253 /* en */,
			);
			name = MainStoryboard.storyboard;
			sourceTree = "<group>";
		};
		D62B3A8217419038006BFAE8 /* InfoPlist.strings */ = {
			isa = PBXVariantGroup;
			children = (
				D62B3A8317419038006BFAE8 /* en */,
			);
			name = InfoPlist.strings;
			sourceTree = "<group>";
		};
/* End PBXVariantGroup section */

/* Begin XCBuildConfiguration section */
		D62B3A9717419038006BFAE8 /* Debug */ = {
			isa = XCBuildConfiguration;
			buildSettings = {
				ALWAYS_SEARCH_USER_PATHS = NO;
				CLANG_CXX_LANGUAGE_STANDARD = "gnu++0x";
				CLANG_CXX_LIBRARY = "libc++";
				CLANG_ENABLE_OBJC_ARC = YES;
				CLANG_WARN_CONSTANT_CONVERSION = YES;
				CLANG_WARN_EMPTY_BODY = YES;
				CLANG_WARN_ENUM_CONVERSION = YES;
				CLANG_WARN_INT_CONVERSION = YES;
				CLANG_WARN__DUPLICATE_METHOD_MATCH = YES;
				CODE_SIGN_IDENTITY = "iPhone Developer: Aline Normoyle (44BG9DZDLW)";
				"CODE_SIGN_IDENTITY[sdk=iphoneos*]" = "iPhone Developer: Aline Normoyle (44BG9DZDLW)";
				COPY_PHASE_STRIP = NO;
				DEBUG_INFORMATION_FORMAT = "dwarf-with-dsym";
				GCC_C_LANGUAGE_STANDARD = gnu99;
				GCC_DYNAMIC_NO_PIC = NO;
				GCC_OPTIMIZATION_LEVEL = 0;
				GCC_PREPROCESSOR_DEFINITIONS = (
					"DEBUG=1",
					"$(inherited)",
				);
				GCC_SYMBOLS_PRIVATE_EXTERN = NO;
				GCC_WARN_ABOUT_RETURN_TYPE = YES;
				GCC_WARN_UNINITIALIZED_AUTOS = YES;
				GCC_WARN_UNUSED_VARIABLE = YES;
				IPHONEOS_DEPLOYMENT_TARGET = 7.0;
				ONLY_ACTIVE_ARCH = YES;
				PROVISIONING_PROFILE = "81B496DB-0EF8-47E4-B404-CD677283A149";
				"PROVISIONING_PROFILE[sdk=iphoneos*]" = "81B496DB-0EF8-47E4-B404-CD677283A149";
				SDKROOT = iphoneos;
				TARGETED_DEVICE_FAMILY = 2;
				VALIDATE_PRODUCT = YES;
			};
			name = Debug;
		};
		D62B3A9817419038006BFAE8 /* Release */ = {
			isa = XCBuildConfiguration;
			buildSettings = {
				ALWAYS_SEARCH_USER_PATHS = NO;
				CLANG_CXX_LANGUAGE_STANDARD = "gnu++0x";
				CLANG_CXX_LIBRARY = "libc++";
				CLANG_ENABLE_OBJC_ARC = YES;
				CLANG_WARN_CONSTANT_CONVERSION = YES;
				CLANG_WARN_EMPTY_BODY = YES;
				CLANG_WARN_ENUM_CONVERSION = YES;
				CLANG_WARN_INT_CONVERSION = YES;
				CLANG_WARN__DUPLICATE_METHOD_MATCH = YES;
				CODE_SIGN_IDENTITY = "iPhone Developer: Aline Normoyle (44BG9DZDLW)";
				"CODE_SIGN_IDENTITY[sdk=iphoneos*]" = "iPhone Developer: Aline Normoyle (44BG9DZDLW)";
				COPY_PHASE_STRIP = YES;
				DEBUG_INFORMATION_FORMAT = "dwarf-with-dsym";
				GCC_C_LANGUAGE_STANDARD = gnu99;
				GCC_WARN_ABOUT_RETURN_TYPE = YES;
				GCC_WARN_UNINITIALIZED_AUTOS = YES;
				GCC_WARN_UNUSED_VARIABLE = YES;
				IPHONEOS_DEPLOYMENT_TARGET = 7.0;
				ONLY_ACTIVE_ARCH = YES;
				OTHER_CFLAGS = "-DNS_BLOCK_ASSERTIONS=1";
				PROVISIONING_PROFILE = "81B496DB-0EF8-47E4-B404-CD677283A149";
				"PROVISIONING_PROFILE[sdk=iphoneos*]" = "81B496DB-0EF8-47E4-B404-CD677283A149";
				SDKROOT = iphoneos;
				TARGETED_DEVICE_FAMILY = 2;
				VALIDATE_PRODUCT = YES;
			};
			name = Release;
		};
		D62B3A9A17419038006BFAE8 /* Debug */ = {
			isa = XCBuildConfiguration;
			buildSettings = {
				ALWAYS_SEARCH_USER_PATHS = NO;
				CODE_SIGN_IDENTITY = "iPhone Developer: Aline Normoyle (44BG9DZDLW)";
				"CODE_SIGN_IDENTITY[sdk=iphoneos*]" = "iPhone Developer: Aline Normoyle (44BG9DZDLW)";
				FRAMEWORK_SEARCH_PATHS = (
					"$(inherited)",
					"\"$(SRCROOT)\"",
				);
				GCC_PRECOMPILE_PREFIX_HEADER = YES;
				GCC_PREFIX_HEADER = "iOperate/iOperate-Prefix.pch";
				HEADER_SEARCH_PATHS = "";
				INFOPLIST_FILE = "iOperate/iOperate-Info.plist";
				LIBRARY_SEARCH_PATHS = (
					"$(inherited)",
					"\"$(SRCROOT)/iOperate\"",
				);
				OTHER_LDFLAGS = "-ObjC";
				PRODUCT_NAME = "$(TARGET_NAME)";
				PROVISIONING_PROFILE = "81B496DB-0EF8-47E4-B404-CD677283A149";
				"PROVISIONING_PROFILE[sdk=iphoneos*]" = "81B496DB-0EF8-47E4-B404-CD677283A149";
				TARGETED_DEVICE_FAMILY = 2;
				USER_HEADER_SEARCH_PATHS = "";
				WRAPPER_EXTENSION = app;
			};
			name = Debug;
		};
		D62B3A9B17419038006BFAE8 /* Release */ = {
			isa = XCBuildConfiguration;
			buildSettings = {
				ALWAYS_SEARCH_USER_PATHS = NO;
				CODE_SIGN_IDENTITY = "iPhone Developer: Aline Normoyle (44BG9DZDLW)";
				"CODE_SIGN_IDENTITY[sdk=iphoneos*]" = "iPhone Developer: Aline Normoyle (44BG9DZDLW)";
				FRAMEWORK_SEARCH_PATHS = (
					"$(inherited)",
					"\"$(SRCROOT)\"",
				);
				GCC_PRECOMPILE_PREFIX_HEADER = YES;
				GCC_PREFIX_HEADER = "iOperate/iOperate-Prefix.pch";
				HEADER_SEARCH_PATHS = "";
				INFOPLIST_FILE = "iOperate/iOperate-Info.plist";
				LIBRARY_SEARCH_PATHS = (
					"$(inherited)",
					"\"$(SRCROOT)/iOperate\"",
				);
				OTHER_LDFLAGS = "-ObjC";
				PRODUCT_NAME = "$(TARGET_NAME)";
				PROVISIONING_PROFILE = "81B496DB-0EF8-47E4-B404-CD677283A149";
				"PROVISIONING_PROFILE[sdk=iphoneos*]" = "81B496DB-0EF8-47E4-B404-CD677283A149";
				TARGETED_DEVICE_FAMILY = 2;
				USER_HEADER_SEARCH_PATHS = "";
				WRAPPER_EXTENSION = app;
			};
			name = Release;
		};
/* End XCBuildConfiguration section */

/* Begin XCConfigurationList section */
		D62B3A7117419038006BFAE8 /* Build configuration list for PBXProject "iOperate" */ = {
			isa = XCConfigurationList;
			buildConfigurations = (
				D62B3A9717419038006BFAE8 /* Debug */,
				D62B3A9817419038006BFAE8 /* Release */,
			);
			defaultConfigurationIsVisible = 0;
			defaultConfigurationName = Release;
		};
		D62B3A9917419038006BFAE8 /* Build configuration list for PBXNativeTarget "iOperate" */ = {
			isa = XCConfigurationList;
			buildConfigurations = (
				D62B3A9A17419038006BFAE8 /* Debug */,
				D62B3A9B17419038006BFAE8 /* Release */,
			);
			defaultConfigurationIsVisible = 0;
			defaultConfigurationName = Release;
		};
/* End XCConfigurationList section */
	};
	rootObject = D62B3A6E17419038006BFAE8 /* Project object */;
}
